// !$*UTF8*$!
{
	archiveVersion = 1;
	classes = {
	};
	objectVersion = 51;
	objects = {

/* Begin PBXBuildFile section */
		8810F1D42395A8E100201AF3 /* MenuApi.swift in Sources */ = {isa = PBXBuildFile; fileRef = 8810F1D32395A8E100201AF3 /* MenuApi.swift */; };
		8810F1D62395AC9200201AF3 /* MockMenuApi.swift in Sources */ = {isa = PBXBuildFile; fileRef = 8810F1D52395AC9200201AF3 /* MockMenuApi.swift */; };
		8810F1D92395B54D00201AF3 /* MenuVCViewModel.swift in Sources */ = {isa = PBXBuildFile; fileRef = 8810F1D82395B54D00201AF3 /* MenuVCViewModel.swift */; };
		88396DE0239A80EB002F0B37 /* CheckItem.swift in Sources */ = {isa = PBXBuildFile; fileRef = 88396DDF239A80EB002F0B37 /* CheckItem.swift */; };
		88396DE8239A876B002F0B37 /* CheckItemTableViewCell.swift in Sources */ = {isa = PBXBuildFile; fileRef = 88396DE6239A876B002F0B37 /* CheckItemTableViewCell.swift */; };
		88396DE9239A876B002F0B37 /* CheckItemTableViewCell.xib in Resources */ = {isa = PBXBuildFile; fileRef = 88396DE7239A876B002F0B37 /* CheckItemTableViewCell.xib */; };
		8847DE23239507FD00166D12 /* CheckTableViewCell.swift in Sources */ = {isa = PBXBuildFile; fileRef = 8847DE21239507FD00166D12 /* CheckTableViewCell.swift */; };
		8847DE24239507FD00166D12 /* CheckTableViewCell.xib in Resources */ = {isa = PBXBuildFile; fileRef = 8847DE22239507FD00166D12 /* CheckTableViewCell.xib */; };
		8847DE262395210900166D12 /* UITableView.swift in Sources */ = {isa = PBXBuildFile; fileRef = 8847DE252395210900166D12 /* UITableView.swift */; };
		8847DE29239536A500166D12 /* CheckDetailVC.swift in Sources */ = {isa = PBXBuildFile; fileRef = 8847DE27239536A500166D12 /* CheckDetailVC.swift */; };
		8847DE2A239536A500166D12 /* CheckDetailVC.xib in Resources */ = {isa = PBXBuildFile; fileRef = 8847DE28239536A500166D12 /* CheckDetailVC.xib */; };
		8847DE2E2395986F00166D12 /* TestData.json in Resources */ = {isa = PBXBuildFile; fileRef = 8847DE2D2395986F00166D12 /* TestData.json */; };
		8847DE3123959E3200166D12 /* Category.swift in Sources */ = {isa = PBXBuildFile; fileRef = 8847DE3023959E3200166D12 /* Category.swift */; };
		8847DE3323959E7300166D12 /* MenuItem.swift in Sources */ = {isa = PBXBuildFile; fileRef = 8847DE3223959E7300166D12 /* MenuItem.swift */; };
		8847DE3523959E7F00166D12 /* SubCategory.swift in Sources */ = {isa = PBXBuildFile; fileRef = 8847DE3423959E7F00166D12 /* SubCategory.swift */; };
		8847DE382395A70700166D12 /* EndPointCreator.swift in Sources */ = {isa = PBXBuildFile; fileRef = 8847DE372395A70700166D12 /* EndPointCreator.swift */; };
		8847DE3A2395A76B00166D12 /* DMApi.swift in Sources */ = {isa = PBXBuildFile; fileRef = 8847DE392395A76B00166D12 /* DMApi.swift */; };
		8847DE3C2395A7CC00166D12 /* NetworkError.swift in Sources */ = {isa = PBXBuildFile; fileRef = 8847DE3B2395A7CC00166D12 /* NetworkError.swift */; };
		8847DE3F2395A81D00166D12 /* MenuApiProtocol.swift in Sources */ = {isa = PBXBuildFile; fileRef = 8847DE3E2395A81D00166D12 /* MenuApiProtocol.swift */; };
		88D6376A23931E7C003ECCA9 /* AppDelegate.swift in Sources */ = {isa = PBXBuildFile; fileRef = 88D6376923931E7C003ECCA9 /* AppDelegate.swift */; };
		88D6376C23931E7C003ECCA9 /* SceneDelegate.swift in Sources */ = {isa = PBXBuildFile; fileRef = 88D6376B23931E7C003ECCA9 /* SceneDelegate.swift */; };
		88D6377323931E7D003ECCA9 /* Assets.xcassets in Resources */ = {isa = PBXBuildFile; fileRef = 88D6377223931E7D003ECCA9 /* Assets.xcassets */; };
		88D6377623931E7D003ECCA9 /* LaunchScreen.storyboard in Resources */ = {isa = PBXBuildFile; fileRef = 88D6377423931E7D003ECCA9 /* LaunchScreen.storyboard */; };
		88D63780239322C3003ECCA9 /* Coordinator.swift in Sources */ = {isa = PBXBuildFile; fileRef = 88D6377F239322C3003ECCA9 /* Coordinator.swift */; };
		88D63782239322D5003ECCA9 /* AppCoordinator.swift in Sources */ = {isa = PBXBuildFile; fileRef = 88D63781239322D5003ECCA9 /* AppCoordinator.swift */; };
		88D63784239341ED003ECCA9 /* CheckCoordinator.swift in Sources */ = {isa = PBXBuildFile; fileRef = 88D63783239341ED003ECCA9 /* CheckCoordinator.swift */; };
		88D63786239342D6003ECCA9 /* MenuCoordinator.swift in Sources */ = {isa = PBXBuildFile; fileRef = 88D63785239342D6003ECCA9 /* MenuCoordinator.swift */; };
		88D637AB2394130C003ECCA9 /* LaunchCoordinator.swift in Sources */ = {isa = PBXBuildFile; fileRef = 88D637AA2394130C003ECCA9 /* LaunchCoordinator.swift */; };
		88D637AE23941465003ECCA9 /* LaunchVC.swift in Sources */ = {isa = PBXBuildFile; fileRef = 88D637AD23941465003ECCA9 /* LaunchVC.swift */; };
		88D637B023942149003ECCA9 /* HomeCoordinator.swift in Sources */ = {isa = PBXBuildFile; fileRef = 88D637AF23942149003ECCA9 /* HomeCoordinator.swift */; };
		88D637B4239428F9003ECCA9 /* CategoryCollectionViewCell.swift in Sources */ = {isa = PBXBuildFile; fileRef = 88D637B2239428F9003ECCA9 /* CategoryCollectionViewCell.swift */; };
		88D637B92394323E003ECCA9 /* UIView.swift in Sources */ = {isa = PBXBuildFile; fileRef = 88D637B82394323E003ECCA9 /* UIView.swift */; };
		88D637C323943692003ECCA9 /* MenuVC.swift in Sources */ = {isa = PBXBuildFile; fileRef = 88D637C123943692003ECCA9 /* MenuVC.swift */; };
		88D637C423943692003ECCA9 /* MenuVC.xib in Resources */ = {isa = PBXBuildFile; fileRef = 88D637C223943692003ECCA9 /* MenuVC.xib */; };
		88D637C62394395F003ECCA9 /* UICollectionView.swift in Sources */ = {isa = PBXBuildFile; fileRef = 88D637C52394395F003ECCA9 /* UICollectionView.swift */; };
		88D637CA2394489B003ECCA9 /* SubCategoryCollectionViewCell.swift in Sources */ = {isa = PBXBuildFile; fileRef = 88D637C82394489B003ECCA9 /* SubCategoryCollectionViewCell.swift */; };
		88D637CB2394489B003ECCA9 /* SubCategoryCollectionViewCell.xib in Resources */ = {isa = PBXBuildFile; fileRef = 88D637C92394489B003ECCA9 /* SubCategoryCollectionViewCell.xib */; };
		88D637CF23945388003ECCA9 /* MenuItemCollectionViewCell.swift in Sources */ = {isa = PBXBuildFile; fileRef = 88D637CD23945388003ECCA9 /* MenuItemCollectionViewCell.swift */; };
		88D637D023945388003ECCA9 /* MenuItemCollectionViewCell.xib in Resources */ = {isa = PBXBuildFile; fileRef = 88D637CE23945388003ECCA9 /* MenuItemCollectionViewCell.xib */; };
		88D637D323945613003ECCA9 /* CheckVC.swift in Sources */ = {isa = PBXBuildFile; fileRef = 88D637D123945613003ECCA9 /* CheckVC.swift */; };
		88D637D423945613003ECCA9 /* CheckVC.xib in Resources */ = {isa = PBXBuildFile; fileRef = 88D637D223945613003ECCA9 /* CheckVC.xib */; };
		88D637D823945AD9003ECCA9 /* MenuNavigationVC.swift in Sources */ = {isa = PBXBuildFile; fileRef = 88D637D623945AD9003ECCA9 /* MenuNavigationVC.swift */; };
		88D637E1239484C2003ECCA9 /* CheckHeaderView.swift in Sources */ = {isa = PBXBuildFile; fileRef = 88D637E0239484C2003ECCA9 /* CheckHeaderView.swift */; };
		9C66ED460923CAB4E95BD602 /* Pods_DigitalMenu.framework in Frameworks */ = {isa = PBXBuildFile; fileRef = EAC9867F9009B54EAF22CB9D /* Pods_DigitalMenu.framework */; };
/* End PBXBuildFile section */

/* Begin PBXFileReference section */
		8810F1D32395A8E100201AF3 /* MenuApi.swift */ = {isa = PBXFileReference; lastKnownFileType = sourcecode.swift; path = MenuApi.swift; sourceTree = "<group>"; };
		8810F1D52395AC9200201AF3 /* MockMenuApi.swift */ = {isa = PBXFileReference; lastKnownFileType = sourcecode.swift; path = MockMenuApi.swift; sourceTree = "<group>"; };
		8810F1D82395B54D00201AF3 /* MenuVCViewModel.swift */ = {isa = PBXFileReference; lastKnownFileType = sourcecode.swift; path = MenuVCViewModel.swift; sourceTree = "<group>"; };
		88396DDF239A80EB002F0B37 /* CheckItem.swift */ = {isa = PBXFileReference; lastKnownFileType = sourcecode.swift; path = CheckItem.swift; sourceTree = "<group>"; };
		88396DE6239A876B002F0B37 /* CheckItemTableViewCell.swift */ = {isa = PBXFileReference; lastKnownFileType = sourcecode.swift; path = CheckItemTableViewCell.swift; sourceTree = "<group>"; };
		88396DE7239A876B002F0B37 /* CheckItemTableViewCell.xib */ = {isa = PBXFileReference; lastKnownFileType = file.xib; path = CheckItemTableViewCell.xib; sourceTree = "<group>"; };
		8847DE21239507FD00166D12 /* CheckTableViewCell.swift */ = {isa = PBXFileReference; lastKnownFileType = sourcecode.swift; path = CheckTableViewCell.swift; sourceTree = "<group>"; };
		8847DE22239507FD00166D12 /* CheckTableViewCell.xib */ = {isa = PBXFileReference; lastKnownFileType = file.xib; path = CheckTableViewCell.xib; sourceTree = "<group>"; };
		8847DE252395210900166D12 /* UITableView.swift */ = {isa = PBXFileReference; lastKnownFileType = sourcecode.swift; path = UITableView.swift; sourceTree = "<group>"; };
		8847DE27239536A500166D12 /* CheckDetailVC.swift */ = {isa = PBXFileReference; lastKnownFileType = sourcecode.swift; path = CheckDetailVC.swift; sourceTree = "<group>"; };
		8847DE28239536A500166D12 /* CheckDetailVC.xib */ = {isa = PBXFileReference; lastKnownFileType = file.xib; path = CheckDetailVC.xib; sourceTree = "<group>"; };
		8847DE2D2395986F00166D12 /* TestData.json */ = {isa = PBXFileReference; lastKnownFileType = text.json; path = TestData.json; sourceTree = "<group>"; };
		8847DE3023959E3200166D12 /* Category.swift */ = {isa = PBXFileReference; lastKnownFileType = sourcecode.swift; path = Category.swift; sourceTree = "<group>"; };
		8847DE3223959E7300166D12 /* MenuItem.swift */ = {isa = PBXFileReference; lastKnownFileType = sourcecode.swift; path = MenuItem.swift; sourceTree = "<group>"; };
		8847DE3423959E7F00166D12 /* SubCategory.swift */ = {isa = PBXFileReference; lastKnownFileType = sourcecode.swift; path = SubCategory.swift; sourceTree = "<group>"; };
		8847DE372395A70700166D12 /* EndPointCreator.swift */ = {isa = PBXFileReference; lastKnownFileType = sourcecode.swift; path = EndPointCreator.swift; sourceTree = "<group>"; };
		8847DE392395A76B00166D12 /* DMApi.swift */ = {isa = PBXFileReference; lastKnownFileType = sourcecode.swift; path = DMApi.swift; sourceTree = "<group>"; };
		8847DE3B2395A7CC00166D12 /* NetworkError.swift */ = {isa = PBXFileReference; lastKnownFileType = sourcecode.swift; path = NetworkError.swift; sourceTree = "<group>"; };
		8847DE3E2395A81D00166D12 /* MenuApiProtocol.swift */ = {isa = PBXFileReference; lastKnownFileType = sourcecode.swift; path = MenuApiProtocol.swift; sourceTree = "<group>"; };
		88D6376623931E7C003ECCA9 /* DigitalMenu.app */ = {isa = PBXFileReference; explicitFileType = wrapper.application; includeInIndex = 0; path = DigitalMenu.app; sourceTree = BUILT_PRODUCTS_DIR; };
		88D6376923931E7C003ECCA9 /* AppDelegate.swift */ = {isa = PBXFileReference; lastKnownFileType = sourcecode.swift; path = AppDelegate.swift; sourceTree = "<group>"; };
		88D6376B23931E7C003ECCA9 /* SceneDelegate.swift */ = {isa = PBXFileReference; lastKnownFileType = sourcecode.swift; path = SceneDelegate.swift; sourceTree = "<group>"; };
		88D6377223931E7D003ECCA9 /* Assets.xcassets */ = {isa = PBXFileReference; lastKnownFileType = folder.assetcatalog; path = Assets.xcassets; sourceTree = "<group>"; };
		88D6377523931E7D003ECCA9 /* Base */ = {isa = PBXFileReference; lastKnownFileType = file.storyboard; name = Base; path = Base.lproj/LaunchScreen.storyboard; sourceTree = "<group>"; };
		88D6377723931E7D003ECCA9 /* Info.plist */ = {isa = PBXFileReference; lastKnownFileType = text.plist.xml; path = Info.plist; sourceTree = "<group>"; };
		88D6377F239322C3003ECCA9 /* Coordinator.swift */ = {isa = PBXFileReference; lastKnownFileType = sourcecode.swift; path = Coordinator.swift; sourceTree = "<group>"; };
		88D63781239322D5003ECCA9 /* AppCoordinator.swift */ = {isa = PBXFileReference; lastKnownFileType = sourcecode.swift; path = AppCoordinator.swift; sourceTree = "<group>"; };
		88D63783239341ED003ECCA9 /* CheckCoordinator.swift */ = {isa = PBXFileReference; lastKnownFileType = sourcecode.swift; path = CheckCoordinator.swift; sourceTree = "<group>"; };
		88D63785239342D6003ECCA9 /* MenuCoordinator.swift */ = {isa = PBXFileReference; lastKnownFileType = sourcecode.swift; path = MenuCoordinator.swift; sourceTree = "<group>"; };
		88D637AA2394130C003ECCA9 /* LaunchCoordinator.swift */ = {isa = PBXFileReference; lastKnownFileType = sourcecode.swift; path = LaunchCoordinator.swift; sourceTree = "<group>"; };
		88D637AD23941465003ECCA9 /* LaunchVC.swift */ = {isa = PBXFileReference; lastKnownFileType = sourcecode.swift; path = LaunchVC.swift; sourceTree = "<group>"; };
		88D637AF23942149003ECCA9 /* HomeCoordinator.swift */ = {isa = PBXFileReference; lastKnownFileType = sourcecode.swift; path = HomeCoordinator.swift; sourceTree = "<group>"; };
		88D637B2239428F9003ECCA9 /* CategoryCollectionViewCell.swift */ = {isa = PBXFileReference; lastKnownFileType = sourcecode.swift; path = CategoryCollectionViewCell.swift; sourceTree = "<group>"; };
		88D637B82394323E003ECCA9 /* UIView.swift */ = {isa = PBXFileReference; lastKnownFileType = sourcecode.swift; path = UIView.swift; sourceTree = "<group>"; };
		88D637C123943692003ECCA9 /* MenuVC.swift */ = {isa = PBXFileReference; lastKnownFileType = sourcecode.swift; path = MenuVC.swift; sourceTree = "<group>"; };
		88D637C223943692003ECCA9 /* MenuVC.xib */ = {isa = PBXFileReference; lastKnownFileType = file.xib; path = MenuVC.xib; sourceTree = "<group>"; };
		88D637C52394395F003ECCA9 /* UICollectionView.swift */ = {isa = PBXFileReference; lastKnownFileType = sourcecode.swift; path = UICollectionView.swift; sourceTree = "<group>"; };
		88D637C82394489B003ECCA9 /* SubCategoryCollectionViewCell.swift */ = {isa = PBXFileReference; lastKnownFileType = sourcecode.swift; path = SubCategoryCollectionViewCell.swift; sourceTree = "<group>"; };
		88D637C92394489B003ECCA9 /* SubCategoryCollectionViewCell.xib */ = {isa = PBXFileReference; lastKnownFileType = file.xib; path = SubCategoryCollectionViewCell.xib; sourceTree = "<group>"; };
		88D637CD23945388003ECCA9 /* MenuItemCollectionViewCell.swift */ = {isa = PBXFileReference; lastKnownFileType = sourcecode.swift; path = MenuItemCollectionViewCell.swift; sourceTree = "<group>"; };
		88D637CE23945388003ECCA9 /* MenuItemCollectionViewCell.xib */ = {isa = PBXFileReference; lastKnownFileType = file.xib; path = MenuItemCollectionViewCell.xib; sourceTree = "<group>"; };
		88D637D123945613003ECCA9 /* CheckVC.swift */ = {isa = PBXFileReference; lastKnownFileType = sourcecode.swift; path = CheckVC.swift; sourceTree = "<group>"; };
		88D637D223945613003ECCA9 /* CheckVC.xib */ = {isa = PBXFileReference; lastKnownFileType = file.xib; path = CheckVC.xib; sourceTree = "<group>"; };
		88D637D623945AD9003ECCA9 /* MenuNavigationVC.swift */ = {isa = PBXFileReference; lastKnownFileType = sourcecode.swift; path = MenuNavigationVC.swift; sourceTree = "<group>"; };
		88D637E0239484C2003ECCA9 /* CheckHeaderView.swift */ = {isa = PBXFileReference; lastKnownFileType = sourcecode.swift; path = CheckHeaderView.swift; sourceTree = "<group>"; };
		AC5A0B69FA83B69ECDE27011 /* Pods-DigitalMenu.release.xcconfig */ = {isa = PBXFileReference; includeInIndex = 1; lastKnownFileType = text.xcconfig; name = "Pods-DigitalMenu.release.xcconfig"; path = "Target Support Files/Pods-DigitalMenu/Pods-DigitalMenu.release.xcconfig"; sourceTree = "<group>"; };
		C991677975766647F04002DF /* Pods-DigitalMenu.debug.xcconfig */ = {isa = PBXFileReference; includeInIndex = 1; lastKnownFileType = text.xcconfig; name = "Pods-DigitalMenu.debug.xcconfig"; path = "Target Support Files/Pods-DigitalMenu/Pods-DigitalMenu.debug.xcconfig"; sourceTree = "<group>"; };
		EAC9867F9009B54EAF22CB9D /* Pods_DigitalMenu.framework */ = {isa = PBXFileReference; explicitFileType = wrapper.framework; includeInIndex = 0; path = Pods_DigitalMenu.framework; sourceTree = BUILT_PRODUCTS_DIR; };
/* End PBXFileReference section */

/* Begin PBXFrameworksBuildPhase section */
		88D6376323931E7C003ECCA9 /* Frameworks */ = {
			isa = PBXFrameworksBuildPhase;
			buildActionMask = 2147483647;
			files = (
				9C66ED460923CAB4E95BD602 /* Pods_DigitalMenu.framework in Frameworks */,
			);
			runOnlyForDeploymentPostprocessing = 0;
		};
/* End PBXFrameworksBuildPhase section */

/* Begin PBXGroup section */
		8810F1D22395A8D000201AF3 /* MenuApi */ = {
			isa = PBXGroup;
			children = (
				8847DE3E2395A81D00166D12 /* MenuApiProtocol.swift */,
				8810F1D32395A8E100201AF3 /* MenuApi.swift */,
				8810F1D52395AC9200201AF3 /* MockMenuApi.swift */,
			);
			path = MenuApi;
			sourceTree = "<group>";
		};
		8810F1D72395B53000201AF3 /* ViewModels */ = {
			isa = PBXGroup;
			children = (
				8810F1D82395B54D00201AF3 /* MenuVCViewModel.swift */,
			);
			path = ViewModels;
			sourceTree = "<group>";
		};
		88396DE1239A86D2002F0B37 /* ChekItemTableViewCell */ = {
			isa = PBXGroup;
			children = (
				88396DE6239A876B002F0B37 /* CheckItemTableViewCell.swift */,
				88396DE7239A876B002F0B37 /* CheckItemTableViewCell.xib */,
			);
			path = ChekItemTableViewCell;
			sourceTree = "<group>";
		};
		8847DE20239507DD00166D12 /* CheckTableViewCell */ = {
			isa = PBXGroup;
			children = (
				8847DE21239507FD00166D12 /* CheckTableViewCell.swift */,
				8847DE22239507FD00166D12 /* CheckTableViewCell.xib */,
			);
			path = CheckTableViewCell;
			sourceTree = "<group>";
		};
		8847DE2B239536BF00166D12 /* CheckDetailVC */ = {
			isa = PBXGroup;
			children = (
				8847DE27239536A500166D12 /* CheckDetailVC.swift */,
				8847DE28239536A500166D12 /* CheckDetailVC.xib */,
			);
			path = CheckDetailVC;
			sourceTree = "<group>";
		};
		8847DE2C239594C600166D12 /* Resources */ = {
			isa = PBXGroup;
			children = (
				8847DE2D2395986F00166D12 /* TestData.json */,
			);
			path = Resources;
			sourceTree = "<group>";
		};
		8847DE2F23959E1E00166D12 /* Models */ = {
			isa = PBXGroup;
			children = (
				8847DE3023959E3200166D12 /* Category.swift */,
				8847DE3423959E7F00166D12 /* SubCategory.swift */,
				8847DE3223959E7300166D12 /* MenuItem.swift */,
				88396DDF239A80EB002F0B37 /* CheckItem.swift */,
			);
			path = Models;
			sourceTree = "<group>";
		};
		8847DE362395A6E000166D12 /* Network */ = {
			isa = PBXGroup;
			children = (
				8810F1D22395A8D000201AF3 /* MenuApi */,
				8847DE3D2395A7E400166D12 /* Api */,
			);
			path = Network;
			sourceTree = "<group>";
		};
		8847DE3D2395A7E400166D12 /* Api */ = {
			isa = PBXGroup;
			children = (
				8847DE372395A70700166D12 /* EndPointCreator.swift */,
				8847DE392395A76B00166D12 /* DMApi.swift */,
				8847DE3B2395A7CC00166D12 /* NetworkError.swift */,
			);
			path = Api;
			sourceTree = "<group>";
		};
		88D6375D23931E7C003ECCA9 = {
			isa = PBXGroup;
			children = (
				88D6376823931E7C003ECCA9 /* DigitalMenu */,
				88D6376723931E7C003ECCA9 /* Products */,
				A5F410AEDB56474FE3197A7C /* Pods */,
				9590D7D77D8AAE3DC88C812B /* Frameworks */,
			);
			sourceTree = "<group>";
		};
		88D6376723931E7C003ECCA9 /* Products */ = {
			isa = PBXGroup;
			children = (
				88D6376623931E7C003ECCA9 /* DigitalMenu.app */,
			);
			name = Products;
			sourceTree = "<group>";
		};
		88D6376823931E7C003ECCA9 /* DigitalMenu */ = {
			isa = PBXGroup;
			children = (
				88D6377D2393224B003ECCA9 /* App */,
				88D6377E23932275003ECCA9 /* Coordinator */,
				88D637AC23941434003ECCA9 /* ViewControllers */,
				88D637B1239428A8003ECCA9 /* Components */,
				8810F1D72395B53000201AF3 /* ViewModels */,
				8847DE2F23959E1E00166D12 /* Models */,
				8847DE362395A6E000166D12 /* Network */,
				88D637B723943226003ECCA9 /* Extensions */,
				8847DE2C239594C600166D12 /* Resources */,
				88D6377223931E7D003ECCA9 /* Assets.xcassets */,
				88D6377423931E7D003ECCA9 /* LaunchScreen.storyboard */,
				88D6377723931E7D003ECCA9 /* Info.plist */,
			);
			path = DigitalMenu;
			sourceTree = "<group>";
		};
		88D6377D2393224B003ECCA9 /* App */ = {
			isa = PBXGroup;
			children = (
				88D6376923931E7C003ECCA9 /* AppDelegate.swift */,
				88D6376B23931E7C003ECCA9 /* SceneDelegate.swift */,
			);
			path = App;
			sourceTree = "<group>";
		};
		88D6377E23932275003ECCA9 /* Coordinator */ = {
			isa = PBXGroup;
			children = (
				88D6377F239322C3003ECCA9 /* Coordinator.swift */,
				88D63781239322D5003ECCA9 /* AppCoordinator.swift */,
				88D637AA2394130C003ECCA9 /* LaunchCoordinator.swift */,
				88D637AF23942149003ECCA9 /* HomeCoordinator.swift */,
				88D63785239342D6003ECCA9 /* MenuCoordinator.swift */,
				88D63783239341ED003ECCA9 /* CheckCoordinator.swift */,
			);
			path = Coordinator;
			sourceTree = "<group>";
		};
		88D637AC23941434003ECCA9 /* ViewControllers */ = {
			isa = PBXGroup;
			children = (
				88D637AD23941465003ECCA9 /* LaunchVC.swift */,
				88D637BE23943661003ECCA9 /* MenuVC */,
				88D637D52394561E003ECCA9 /* CheckVC */,
				8847DE2B239536BF00166D12 /* CheckDetailVC */,
			);
			path = ViewControllers;
			sourceTree = "<group>";
		};
		88D637B1239428A8003ECCA9 /* Components */ = {
			isa = PBXGroup;
			children = (
				88D637B6239428FE003ECCA9 /* CategoryCollectionViewCell */,
				88D637C723944870003ECCA9 /* SubCategoryCollectionViewCell */,
				88D637CC23945367003ECCA9 /* MenuItemCell */,
				88D637DF23948456003ECCA9 /* CheckHeaderView */,
				8847DE20239507DD00166D12 /* CheckTableViewCell */,
				88396DE1239A86D2002F0B37 /* ChekItemTableViewCell */,
			);
			path = Components;
			sourceTree = "<group>";
		};
		88D637B6239428FE003ECCA9 /* CategoryCollectionViewCell */ = {
			isa = PBXGroup;
			children = (
				88D637B2239428F9003ECCA9 /* CategoryCollectionViewCell.swift */,
			);
			path = CategoryCollectionViewCell;
			sourceTree = "<group>";
		};
		88D637B723943226003ECCA9 /* Extensions */ = {
			isa = PBXGroup;
			children = (
				88D637B82394323E003ECCA9 /* UIView.swift */,
				88D637C52394395F003ECCA9 /* UICollectionView.swift */,
				8847DE252395210900166D12 /* UITableView.swift */,
			);
			path = Extensions;
			sourceTree = "<group>";
		};
		88D637BE23943661003ECCA9 /* MenuVC */ = {
			isa = PBXGroup;
			children = (
				88D637D623945AD9003ECCA9 /* MenuNavigationVC.swift */,
				88D637C123943692003ECCA9 /* MenuVC.swift */,
				88D637C223943692003ECCA9 /* MenuVC.xib */,
			);
			path = MenuVC;
			sourceTree = "<group>";
		};
		88D637C723944870003ECCA9 /* SubCategoryCollectionViewCell */ = {
			isa = PBXGroup;
			children = (
				88D637C82394489B003ECCA9 /* SubCategoryCollectionViewCell.swift */,
				88D637C92394489B003ECCA9 /* SubCategoryCollectionViewCell.xib */,
			);
			path = SubCategoryCollectionViewCell;
			sourceTree = "<group>";
		};
		88D637CC23945367003ECCA9 /* MenuItemCell */ = {
			isa = PBXGroup;
			children = (
				88D637CD23945388003ECCA9 /* MenuItemCollectionViewCell.swift */,
				88D637CE23945388003ECCA9 /* MenuItemCollectionViewCell.xib */,
			);
			path = MenuItemCell;
			sourceTree = "<group>";
		};
		88D637D52394561E003ECCA9 /* CheckVC */ = {
			isa = PBXGroup;
			children = (
				88D637D123945613003ECCA9 /* CheckVC.swift */,
				88D637D223945613003ECCA9 /* CheckVC.xib */,
			);
			path = CheckVC;
			sourceTree = "<group>";
		};
		88D637DF23948456003ECCA9 /* CheckHeaderView */ = {
			isa = PBXGroup;
			children = (
				88D637E0239484C2003ECCA9 /* CheckHeaderView.swift */,
			);
			path = CheckHeaderView;
			sourceTree = "<group>";
		};
		9590D7D77D8AAE3DC88C812B /* Frameworks */ = {
			isa = PBXGroup;
			children = (
				EAC9867F9009B54EAF22CB9D /* Pods_DigitalMenu.framework */,
			);
			name = Frameworks;
			sourceTree = "<group>";
		};
		A5F410AEDB56474FE3197A7C /* Pods */ = {
			isa = PBXGroup;
			children = (
				C991677975766647F04002DF /* Pods-DigitalMenu.debug.xcconfig */,
				AC5A0B69FA83B69ECDE27011 /* Pods-DigitalMenu.release.xcconfig */,
			);
			path = Pods;
			sourceTree = "<group>";
		};
/* End PBXGroup section */

/* Begin PBXNativeTarget section */
		88D6376523931E7C003ECCA9 /* DigitalMenu */ = {
			isa = PBXNativeTarget;
			buildConfigurationList = 88D6377A23931E7D003ECCA9 /* Build configuration list for PBXNativeTarget "DigitalMenu" */;
			buildPhases = (
				E86AB12B966192F6D9743B7B /* [CP] Check Pods Manifest.lock */,
				88D6376223931E7C003ECCA9 /* Sources */,
				88D6376323931E7C003ECCA9 /* Frameworks */,
				88D6376423931E7C003ECCA9 /* Resources */,
				A7003006909B1AA4988F0888 /* [CP] Embed Pods Frameworks */,
			);
			buildRules = (
			);
			dependencies = (
			);
			name = DigitalMenu;
			productName = DigitalMenu;
			productReference = 88D6376623931E7C003ECCA9 /* DigitalMenu.app */;
			productType = "com.apple.product-type.application";
		};
/* End PBXNativeTarget section */

/* Begin PBXProject section */
		88D6375E23931E7C003ECCA9 /* Project object */ = {
			isa = PBXProject;
			attributes = {
				LastSwiftUpdateCheck = 1120;
				LastUpgradeCheck = 1120;
				ORGANIZATIONNAME = "Bilal Doğan";
				TargetAttributes = {
					88D6376523931E7C003ECCA9 = {
						CreatedOnToolsVersion = 11.2.1;
					};
				};
			};
			buildConfigurationList = 88D6376123931E7C003ECCA9 /* Build configuration list for PBXProject "DigitalMenu" */;
			compatibilityVersion = "Xcode 9.3";
			developmentRegion = en;
			hasScannedForEncodings = 0;
			knownRegions = (
				en,
				Base,
			);
			mainGroup = 88D6375D23931E7C003ECCA9;
			productRefGroup = 88D6376723931E7C003ECCA9 /* Products */;
			projectDirPath = "";
			projectRoot = "";
			targets = (
				88D6376523931E7C003ECCA9 /* DigitalMenu */,
			);
		};
/* End PBXProject section */

/* Begin PBXResourcesBuildPhase section */
		88D6376423931E7C003ECCA9 /* Resources */ = {
			isa = PBXResourcesBuildPhase;
			buildActionMask = 2147483647;
			files = (
				88D637C423943692003ECCA9 /* MenuVC.xib in Resources */,
				8847DE2E2395986F00166D12 /* TestData.json in Resources */,
				88D637D023945388003ECCA9 /* MenuItemCollectionViewCell.xib in Resources */,
				88D6377623931E7D003ECCA9 /* LaunchScreen.storyboard in Resources */,
				88D6377323931E7D003ECCA9 /* Assets.xcassets in Resources */,
				8847DE2A239536A500166D12 /* CheckDetailVC.xib in Resources */,
				88D637CB2394489B003ECCA9 /* SubCategoryCollectionViewCell.xib in Resources */,
				88D637D423945613003ECCA9 /* CheckVC.xib in Resources */,
				8847DE24239507FD00166D12 /* CheckTableViewCell.xib in Resources */,
				88396DE9239A876B002F0B37 /* CheckItemTableViewCell.xib in Resources */,
			);
			runOnlyForDeploymentPostprocessing = 0;
		};
/* End PBXResourcesBuildPhase section */

/* Begin PBXShellScriptBuildPhase section */
		A7003006909B1AA4988F0888 /* [CP] Embed Pods Frameworks */ = {
			isa = PBXShellScriptBuildPhase;
			buildActionMask = 2147483647;
			files = (
			);
			inputFileListPaths = (
				"${PODS_ROOT}/Target Support Files/Pods-DigitalMenu/Pods-DigitalMenu-frameworks-${CONFIGURATION}-input-files.xcfilelist",
			);
			name = "[CP] Embed Pods Frameworks";
			outputFileListPaths = (
				"${PODS_ROOT}/Target Support Files/Pods-DigitalMenu/Pods-DigitalMenu-frameworks-${CONFIGURATION}-output-files.xcfilelist",
			);
			runOnlyForDeploymentPostprocessing = 0;
			shellPath = /bin/sh;
			shellScript = "\"${PODS_ROOT}/Target Support Files/Pods-DigitalMenu/Pods-DigitalMenu-frameworks.sh\"\n";
			showEnvVarsInLog = 0;
		};
		E86AB12B966192F6D9743B7B /* [CP] Check Pods Manifest.lock */ = {
			isa = PBXShellScriptBuildPhase;
			buildActionMask = 2147483647;
			files = (
			);
			inputFileListPaths = (
			);
			inputPaths = (
				"${PODS_PODFILE_DIR_PATH}/Podfile.lock",
				"${PODS_ROOT}/Manifest.lock",
			);
			name = "[CP] Check Pods Manifest.lock";
			outputFileListPaths = (
			);
			outputPaths = (
				"$(DERIVED_FILE_DIR)/Pods-DigitalMenu-checkManifestLockResult.txt",
			);
			runOnlyForDeploymentPostprocessing = 0;
			shellPath = /bin/sh;
			shellScript = "diff \"${PODS_PODFILE_DIR_PATH}/Podfile.lock\" \"${PODS_ROOT}/Manifest.lock\" > /dev/null\nif [ $? != 0 ] ; then\n    # print error to STDERR\n    echo \"error: The sandbox is not in sync with the Podfile.lock. Run 'pod install' or update your CocoaPods installation.\" >&2\n    exit 1\nfi\n# This output is used by Xcode 'outputs' to avoid re-running this script phase.\necho \"SUCCESS\" > \"${SCRIPT_OUTPUT_FILE_0}\"\n";
			showEnvVarsInLog = 0;
		};
/* End PBXShellScriptBuildPhase section */

/* Begin PBXSourcesBuildPhase section */
		88D6376223931E7C003ECCA9 /* Sources */ = {
			isa = PBXSourcesBuildPhase;
			buildActionMask = 2147483647;
			files = (
				8847DE3323959E7300166D12 /* MenuItem.swift in Sources */,
				88396DE0239A80EB002F0B37 /* CheckItem.swift in Sources */,
				88396DE8239A876B002F0B37 /* CheckItemTableViewCell.swift in Sources */,
				88D63782239322D5003ECCA9 /* AppCoordinator.swift in Sources */,
				88D637CA2394489B003ECCA9 /* SubCategoryCollectionViewCell.swift in Sources */,
				88D63784239341ED003ECCA9 /* CheckCoordinator.swift in Sources */,
				8847DE3523959E7F00166D12 /* SubCategory.swift in Sources */,
				88D637B023942149003ECCA9 /* HomeCoordinator.swift in Sources */,
				8847DE3C2395A7CC00166D12 /* NetworkError.swift in Sources */,
				8847DE23239507FD00166D12 /* CheckTableViewCell.swift in Sources */,
				88D637E1239484C2003ECCA9 /* CheckHeaderView.swift in Sources */,
				88D637AB2394130C003ECCA9 /* LaunchCoordinator.swift in Sources */,
				88D637CF23945388003ECCA9 /* MenuItemCollectionViewCell.swift in Sources */,
				88D6376A23931E7C003ECCA9 /* AppDelegate.swift in Sources */,
				8810F1D92395B54D00201AF3 /* MenuVCViewModel.swift in Sources */,
				88D637C323943692003ECCA9 /* MenuVC.swift in Sources */,
				88D637C62394395F003ECCA9 /* UICollectionView.swift in Sources */,
				8810F1D42395A8E100201AF3 /* MenuApi.swift in Sources */,
				8810F1D62395AC9200201AF3 /* MockMenuApi.swift in Sources */,
				88D637D823945AD9003ECCA9 /* MenuNavigationVC.swift in Sources */,
				88D6376C23931E7C003ECCA9 /* SceneDelegate.swift in Sources */,
				88D637B4239428F9003ECCA9 /* CategoryCollectionViewCell.swift in Sources */,
				88D63786239342D6003ECCA9 /* MenuCoordinator.swift in Sources */,
				88D637AE23941465003ECCA9 /* LaunchVC.swift in Sources */,
				8847DE29239536A500166D12 /* CheckDetailVC.swift in Sources */,
				8847DE3A2395A76B00166D12 /* DMApi.swift in Sources */,
				8847DE382395A70700166D12 /* EndPointCreator.swift in Sources */,
				88D637B92394323E003ECCA9 /* UIView.swift in Sources */,
				8847DE3F2395A81D00166D12 /* MenuApiProtocol.swift in Sources */,
				8847DE262395210900166D12 /* UITableView.swift in Sources */,
				88D63780239322C3003ECCA9 /* Coordinator.swift in Sources */,
				88D637D323945613003ECCA9 /* CheckVC.swift in Sources */,
				8847DE3123959E3200166D12 /* Category.swift in Sources */,
			);
			runOnlyForDeploymentPostprocessing = 0;
		};
/* End PBXSourcesBuildPhase section */

/* Begin PBXVariantGroup section */
		88D6377423931E7D003ECCA9 /* LaunchScreen.storyboard */ = {
			isa = PBXVariantGroup;
			children = (
				88D6377523931E7D003ECCA9 /* Base */,
			);
			name = LaunchScreen.storyboard;
			sourceTree = "<group>";
		};
/* End PBXVariantGroup section */

/* Begin XCBuildConfiguration section */
		88D6377823931E7D003ECCA9 /* Debug */ = {
			isa = XCBuildConfiguration;
			buildSettings = {
				ALWAYS_SEARCH_USER_PATHS = NO;
				CLANG_ANALYZER_NONNULL = YES;
				CLANG_ANALYZER_NUMBER_OBJECT_CONVERSION = YES_AGGRESSIVE;
				CLANG_CXX_LANGUAGE_STANDARD = "gnu++14";
				CLANG_CXX_LIBRARY = "libc++";
				CLANG_ENABLE_MODULES = YES;
				CLANG_ENABLE_OBJC_ARC = YES;
				CLANG_ENABLE_OBJC_WEAK = YES;
				CLANG_WARN_BLOCK_CAPTURE_AUTORELEASING = YES;
				CLANG_WARN_BOOL_CONVERSION = YES;
				CLANG_WARN_COMMA = YES;
				CLANG_WARN_CONSTANT_CONVERSION = YES;
				CLANG_WARN_DEPRECATED_OBJC_IMPLEMENTATIONS = YES;
				CLANG_WARN_DIRECT_OBJC_ISA_USAGE = YES_ERROR;
				CLANG_WARN_DOCUMENTATION_COMMENTS = YES;
				CLANG_WARN_EMPTY_BODY = YES;
				CLANG_WARN_ENUM_CONVERSION = YES;
				CLANG_WARN_INFINITE_RECURSION = YES;
				CLANG_WARN_INT_CONVERSION = YES;
				CLANG_WARN_NON_LITERAL_NULL_CONVERSION = YES;
				CLANG_WARN_OBJC_IMPLICIT_RETAIN_SELF = YES;
				CLANG_WARN_OBJC_LITERAL_CONVERSION = YES;
				CLANG_WARN_OBJC_ROOT_CLASS = YES_ERROR;
				CLANG_WARN_RANGE_LOOP_ANALYSIS = YES;
				CLANG_WARN_STRICT_PROTOTYPES = YES;
				CLANG_WARN_SUSPICIOUS_MOVE = YES;
				CLANG_WARN_UNGUARDED_AVAILABILITY = YES_AGGRESSIVE;
				CLANG_WARN_UNREACHABLE_CODE = YES;
				CLANG_WARN__DUPLICATE_METHOD_MATCH = YES;
				COPY_PHASE_STRIP = NO;
				DEBUG_INFORMATION_FORMAT = dwarf;
				ENABLE_STRICT_OBJC_MSGSEND = YES;
				ENABLE_TESTABILITY = YES;
				GCC_C_LANGUAGE_STANDARD = gnu11;
				GCC_DYNAMIC_NO_PIC = NO;
				GCC_NO_COMMON_BLOCKS = YES;
				GCC_OPTIMIZATION_LEVEL = 0;
				GCC_PREPROCESSOR_DEFINITIONS = (
					"DEBUG=1",
					"$(inherited)",
				);
				GCC_WARN_64_TO_32_BIT_CONVERSION = YES;
				GCC_WARN_ABOUT_RETURN_TYPE = YES_ERROR;
				GCC_WARN_UNDECLARED_SELECTOR = YES;
				GCC_WARN_UNINITIALIZED_AUTOS = YES_AGGRESSIVE;
				GCC_WARN_UNUSED_FUNCTION = YES;
				GCC_WARN_UNUSED_VARIABLE = YES;
				IPHONEOS_DEPLOYMENT_TARGET = 13.2;
				MTL_ENABLE_DEBUG_INFO = INCLUDE_SOURCE;
				MTL_FAST_MATH = YES;
				ONLY_ACTIVE_ARCH = YES;
				SDKROOT = iphoneos;
				SWIFT_ACTIVE_COMPILATION_CONDITIONS = DEBUG;
				SWIFT_OPTIMIZATION_LEVEL = "-Onone";
			};
			name = Debug;
		};
		88D6377923931E7D003ECCA9 /* Release */ = {
			isa = XCBuildConfiguration;
			buildSettings = {
				ALWAYS_SEARCH_USER_PATHS = NO;
				CLANG_ANALYZER_NONNULL = YES;
				CLANG_ANALYZER_NUMBER_OBJECT_CONVERSION = YES_AGGRESSIVE;
				CLANG_CXX_LANGUAGE_STANDARD = "gnu++14";
				CLANG_CXX_LIBRARY = "libc++";
				CLANG_ENABLE_MODULES = YES;
				CLANG_ENABLE_OBJC_ARC = YES;
				CLANG_ENABLE_OBJC_WEAK = YES;
				CLANG_WARN_BLOCK_CAPTURE_AUTORELEASING = YES;
				CLANG_WARN_BOOL_CONVERSION = YES;
				CLANG_WARN_COMMA = YES;
				CLANG_WARN_CONSTANT_CONVERSION = YES;
				CLANG_WARN_DEPRECATED_OBJC_IMPLEMENTATIONS = YES;
				CLANG_WARN_DIRECT_OBJC_ISA_USAGE = YES_ERROR;
				CLANG_WARN_DOCUMENTATION_COMMENTS = YES;
				CLANG_WARN_EMPTY_BODY = YES;
				CLANG_WARN_ENUM_CONVERSION = YES;
				CLANG_WARN_INFINITE_RECURSION = YES;
				CLANG_WARN_INT_CONVERSION = YES;
				CLANG_WARN_NON_LITERAL_NULL_CONVERSION = YES;
				CLANG_WARN_OBJC_IMPLICIT_RETAIN_SELF = YES;
				CLANG_WARN_OBJC_LITERAL_CONVERSION = YES;
				CLANG_WARN_OBJC_ROOT_CLASS = YES_ERROR;
				CLANG_WARN_RANGE_LOOP_ANALYSIS = YES;
				CLANG_WARN_STRICT_PROTOTYPES = YES;
				CLANG_WARN_SUSPICIOUS_MOVE = YES;
				CLANG_WARN_UNGUARDED_AVAILABILITY = YES_AGGRESSIVE;
				CLANG_WARN_UNREACHABLE_CODE = YES;
				CLANG_WARN__DUPLICATE_METHOD_MATCH = YES;
				COPY_PHASE_STRIP = NO;
				DEBUG_INFORMATION_FORMAT = "dwarf-with-dsym";
				ENABLE_NS_ASSERTIONS = NO;
				ENABLE_STRICT_OBJC_MSGSEND = YES;
				GCC_C_LANGUAGE_STANDARD = gnu11;
				GCC_NO_COMMON_BLOCKS = YES;
				GCC_WARN_64_TO_32_BIT_CONVERSION = YES;
				GCC_WARN_ABOUT_RETURN_TYPE = YES_ERROR;
				GCC_WARN_UNDECLARED_SELECTOR = YES;
				GCC_WARN_UNINITIALIZED_AUTOS = YES_AGGRESSIVE;
				GCC_WARN_UNUSED_FUNCTION = YES;
				GCC_WARN_UNUSED_VARIABLE = YES;
				IPHONEOS_DEPLOYMENT_TARGET = 13.2;
				MTL_ENABLE_DEBUG_INFO = NO;
				MTL_FAST_MATH = YES;
				SDKROOT = iphoneos;
				SWIFT_COMPILATION_MODE = wholemodule;
				SWIFT_OPTIMIZATION_LEVEL = "-O";
				VALIDATE_PRODUCT = YES;
			};
			name = Release;
		};
		88D6377B23931E7D003ECCA9 /* Debug */ = {
			isa = XCBuildConfiguration;
			baseConfigurationReference = C991677975766647F04002DF /* Pods-DigitalMenu.debug.xcconfig */;
			buildSettings = {
				ASSETCATALOG_COMPILER_APPICON_NAME = AppIcon;
				CODE_SIGN_STYLE = Automatic;
				DEVELOPMENT_TEAM = 485DM6B77Q;
				INFOPLIST_FILE = DigitalMenu/Info.plist;
				IPHONEOS_DEPLOYMENT_TARGET = 13.0;
				LD_RUNPATH_SEARCH_PATHS = (
					"$(inherited)",
					"@executable_path/Frameworks",
				);
				PRODUCT_BUNDLE_IDENTIFIER = bilaldogan.DigitalMenu;
				PRODUCT_NAME = "$(TARGET_NAME)";
				SWIFT_VERSION = 5.0;
				TARGETED_DEVICE_FAMILY = 2;
			};
			name = Debug;
		};
		88D6377C23931E7D003ECCA9 /* Release */ = {
			isa = XCBuildConfiguration;
			baseConfigurationReference = AC5A0B69FA83B69ECDE27011 /* Pods-DigitalMenu.release.xcconfig */;
			buildSettings = {
				ASSETCATALOG_COMPILER_APPICON_NAME = AppIcon;
				CODE_SIGN_STYLE = Automatic;
				DEVELOPMENT_TEAM = 485DM6B77Q;
				INFOPLIST_FILE = DigitalMenu/Info.plist;
				IPHONEOS_DEPLOYMENT_TARGET = 13.0;
				LD_RUNPATH_SEARCH_PATHS = (
					"$(inherited)",
					"@executable_path/Frameworks",
				);
				PRODUCT_BUNDLE_IDENTIFIER = bilaldogan.DigitalMenu;
				PRODUCT_NAME = "$(TARGET_NAME)";
				SWIFT_VERSION = 5.0;
				TARGETED_DEVICE_FAMILY = 2;
			};
			name = Release;
		};
/* End XCBuildConfiguration section */

/* Begin XCConfigurationList section */
		88D6376123931E7C003ECCA9 /* Build configuration list for PBXProject "DigitalMenu" */ = {
			isa = XCConfigurationList;
			buildConfigurations = (
				88D6377823931E7D003ECCA9 /* Debug */,
				88D6377923931E7D003ECCA9 /* Release */,
			);
			defaultConfigurationIsVisible = 0;
			defaultConfigurationName = Release;
		};
		88D6377A23931E7D003ECCA9 /* Build configuration list for PBXNativeTarget "DigitalMenu" */ = {
			isa = XCConfigurationList;
			buildConfigurations = (
				88D6377B23931E7D003ECCA9 /* Debug */,
				88D6377C23931E7D003ECCA9 /* Release */,
			);
			defaultConfigurationIsVisible = 0;
			defaultConfigurationName = Release;
		};
/* End XCConfigurationList section */
	};
	rootObject = 88D6375E23931E7C003ECCA9 /* Project object */;
}
